// !$*UTF8*$!
{
	archiveVersion = 1;
	classes = {
	};
	objectVersion = 55;
	objects = {

/* Begin PBXBuildFile section */
		CA1D044A28843C690061FAD6 /* Networking.swift in Sources */ = {isa = PBXBuildFile; fileRef = CA1D044928843C690061FAD6 /* Networking.swift */; };
		CA1D044E28843C730061FAD6 /* PostTableViewCell.swift in Sources */ = {isa = PBXBuildFile; fileRef = CA1D044C28843C730061FAD6 /* PostTableViewCell.swift */; };
		CA1D044F28843C730061FAD6 /* PostTableViewCell.xib in Resources */ = {isa = PBXBuildFile; fileRef = CA1D044D28843C730061FAD6 /* PostTableViewCell.xib */; };
		CA33E436288862E40010C3B4 /* UIImageView.swift in Sources */ = {isa = PBXBuildFile; fileRef = CA33E435288862E40010C3B4 /* UIImageView.swift */; };
		CA6499172885B65F00FFD3D1 /* Int.swift in Sources */ = {isa = PBXBuildFile; fileRef = CA6499162885B65F00FFD3D1 /* Int.swift */; };
		CA64991A2885C51900FFD3D1 /* PostDetailViewController.swift in Sources */ = {isa = PBXBuildFile; fileRef = CA6499192885C51900FFD3D1 /* PostDetailViewController.swift */; };
		CA74C2E32885905400F3C7A4 /* UILabel.swift in Sources */ = {isa = PBXBuildFile; fileRef = CA74C2E22885905400F3C7A4 /* UILabel.swift */; };
		CA75C4792885D076004E1FF9 /* DetailPosts.swift in Sources */ = {isa = PBXBuildFile; fileRef = CA75C4782885D076004E1FF9 /* DetailPosts.swift */; };
		CA8D7577288441A2003D77CD /* Posts.swift in Sources */ = {isa = PBXBuildFile; fileRef = CA9E8E36288439F300A0154F /* Posts.swift */; };
		CA9E8E20288438E100A0154F /* AppDelegate.swift in Sources */ = {isa = PBXBuildFile; fileRef = CA9E8E1F288438E100A0154F /* AppDelegate.swift */; };
		CA9E8E22288438E100A0154F /* SceneDelegate.swift in Sources */ = {isa = PBXBuildFile; fileRef = CA9E8E21288438E100A0154F /* SceneDelegate.swift */; };
		CA9E8E24288438E100A0154F /* PostViewController.swift in Sources */ = {isa = PBXBuildFile; fileRef = CA9E8E23288438E100A0154F /* PostViewController.swift */; };
		CA9E8E27288438E100A0154F /* Main.storyboard in Resources */ = {isa = PBXBuildFile; fileRef = CA9E8E25288438E100A0154F /* Main.storyboard */; };
		CA9E8E29288438E300A0154F /* Assets.xcassets in Resources */ = {isa = PBXBuildFile; fileRef = CA9E8E28288438E300A0154F /* Assets.xcassets */; };
		CA9E8E2C288438E300A0154F /* LaunchScreen.storyboard in Resources */ = {isa = PBXBuildFile; fileRef = CA9E8E2A288438E300A0154F /* LaunchScreen.storyboard */; };
/* End PBXBuildFile section */

/* Begin PBXFileReference section */
		CA1D044928843C690061FAD6 /* Networking.swift */ = {isa = PBXFileReference; fileEncoding = 4; lastKnownFileType = sourcecode.swift; path = Networking.swift; sourceTree = "<group>"; };
		CA1D044C28843C730061FAD6 /* PostTableViewCell.swift */ = {isa = PBXFileReference; fileEncoding = 4; lastKnownFileType = sourcecode.swift; path = PostTableViewCell.swift; sourceTree = "<group>"; };
		CA1D044D28843C730061FAD6 /* PostTableViewCell.xib */ = {isa = PBXFileReference; fileEncoding = 4; lastKnownFileType = file.xib; path = PostTableViewCell.xib; sourceTree = "<group>"; };
		CA33E435288862E40010C3B4 /* UIImageView.swift */ = {isa = PBXFileReference; lastKnownFileType = sourcecode.swift; path = UIImageView.swift; sourceTree = "<group>"; };
		CA6499162885B65F00FFD3D1 /* Int.swift */ = {isa = PBXFileReference; lastKnownFileType = sourcecode.swift; path = Int.swift; sourceTree = "<group>"; };
		CA6499192885C51900FFD3D1 /* PostDetailViewController.swift */ = {isa = PBXFileReference; lastKnownFileType = sourcecode.swift; path = PostDetailViewController.swift; sourceTree = "<group>"; };
		CA74C2E22885905400F3C7A4 /* UILabel.swift */ = {isa = PBXFileReference; lastKnownFileType = sourcecode.swift; path = UILabel.swift; sourceTree = "<group>"; };
		CA75C4782885D076004E1FF9 /* DetailPosts.swift */ = {isa = PBXFileReference; lastKnownFileType = sourcecode.swift; path = DetailPosts.swift; sourceTree = "<group>"; };
		CA9E8E1C288438E100A0154F /* iOS_Test_App.app */ = {isa = PBXFileReference; explicitFileType = wrapper.application; includeInIndex = 0; path = iOS_Test_App.app; sourceTree = BUILT_PRODUCTS_DIR; };
		CA9E8E1F288438E100A0154F /* AppDelegate.swift */ = {isa = PBXFileReference; lastKnownFileType = sourcecode.swift; path = AppDelegate.swift; sourceTree = "<group>"; };
		CA9E8E21288438E100A0154F /* SceneDelegate.swift */ = {isa = PBXFileReference; lastKnownFileType = sourcecode.swift; path = SceneDelegate.swift; sourceTree = "<group>"; };
		CA9E8E23288438E100A0154F /* PostViewController.swift */ = {isa = PBXFileReference; lastKnownFileType = sourcecode.swift; path = PostViewController.swift; sourceTree = "<group>"; };
		CA9E8E26288438E100A0154F /* Base */ = {isa = PBXFileReference; lastKnownFileType = file.storyboard; name = Base; path = Base.lproj/Main.storyboard; sourceTree = "<group>"; };
		CA9E8E28288438E300A0154F /* Assets.xcassets */ = {isa = PBXFileReference; lastKnownFileType = folder.assetcatalog; path = Assets.xcassets; sourceTree = "<group>"; };
		CA9E8E2B288438E300A0154F /* Base */ = {isa = PBXFileReference; lastKnownFileType = file.storyboard; name = Base; path = Base.lproj/LaunchScreen.storyboard; sourceTree = "<group>"; };
		CA9E8E2D288438E300A0154F /* Info.plist */ = {isa = PBXFileReference; lastKnownFileType = text.plist.xml; path = Info.plist; sourceTree = "<group>"; };
		CA9E8E36288439F300A0154F /* Posts.swift */ = {isa = PBXFileReference; lastKnownFileType = sourcecode.swift; path = Posts.swift; sourceTree = "<group>"; };
/* End PBXFileReference section */

/* Begin PBXFrameworksBuildPhase section */
		CA9E8E19288438E100A0154F /* Frameworks */ = {
			isa = PBXFrameworksBuildPhase;
			buildActionMask = 2147483647;
			files = (
			);
			runOnlyForDeploymentPostprocessing = 0;
		};
/* End PBXFrameworksBuildPhase section */

/* Begin PBXGroup section */
		CA1D044828843C690061FAD6 /* Networking */ = {
			isa = PBXGroup;
			children = (
				CA1D044928843C690061FAD6 /* Networking.swift */,
			);
			path = Networking;
			sourceTree = "<group>";
		};
		CA1D044B28843C730061FAD6 /* PostTableViewCell */ = {
			isa = PBXGroup;
			children = (
				CA1D044C28843C730061FAD6 /* PostTableViewCell.swift */,
				CA1D044D28843C730061FAD6 /* PostTableViewCell.xib */,
			);
			path = PostTableViewCell;
			sourceTree = "<group>";
		};
		CA6499182885C3D400FFD3D1 /* Resources */ = {
			isa = PBXGroup;
			children = (
				CA9E8E2A288438E300A0154F /* LaunchScreen.storyboard */,
				CA9E8E28288438E300A0154F /* Assets.xcassets */,
			);
			name = Resources;
			sourceTree = "<group>";
		};
		CA74C2E12885904300F3C7A4 /* Extensions */ = {
			isa = PBXGroup;
			children = (
				CA74C2E22885905400F3C7A4 /* UILabel.swift */,
				CA6499162885B65F00FFD3D1 /* Int.swift */,
				CA33E435288862E40010C3B4 /* UIImageView.swift */,
			);
			path = Extensions;
			sourceTree = "<group>";
		};
		CA9E8E13288438E100A0154F = {
			isa = PBXGroup;
			children = (
				CA9E8E1E288438E100A0154F /* iOS_Test_App */,
				CA9E8E1D288438E100A0154F /* Products */,
			);
			sourceTree = "<group>";
		};
		CA9E8E1D288438E100A0154F /* Products */ = {
			isa = PBXGroup;
			children = (
				CA9E8E1C288438E100A0154F /* iOS_Test_App.app */,
			);
			name = Products;
			sourceTree = "<group>";
		};
		CA9E8E1E288438E100A0154F /* iOS_Test_App */ = {
			isa = PBXGroup;
			children = (
				CA9E8E1F288438E100A0154F /* AppDelegate.swift */,
				CA9E8E21288438E100A0154F /* SceneDelegate.swift */,
				CA9E8E3928843A4100A0154F /* UI */,
				CA1D044828843C690061FAD6 /* Networking */,
				CA9E8E35288439F300A0154F /* Models */,
				CA74C2E12885904300F3C7A4 /* Extensions */,
				CA6499182885C3D400FFD3D1 /* Resources */,
				CA9E8E2D288438E300A0154F /* Info.plist */,
			);
			path = iOS_Test_App;
			sourceTree = "<group>";
		};
		CA9E8E35288439F300A0154F /* Models */ = {
			isa = PBXGroup;
			children = (
				CA9E8E36288439F300A0154F /* Posts.swift */,
				CA75C4782885D076004E1FF9 /* DetailPosts.swift */,
			);
			path = Models;
			sourceTree = "<group>";
		};
		CA9E8E3928843A4100A0154F /* UI */ = {
			isa = PBXGroup;
			children = (
				CA9E8E23288438E100A0154F /* PostViewController.swift */,
				CA6499192885C51900FFD3D1 /* PostDetailViewController.swift */,
				CA9E8E25288438E100A0154F /* Main.storyboard */,
				CA1D044B28843C730061FAD6 /* PostTableViewCell */,
			);
			path = UI;
			sourceTree = "<group>";
		};
/* End PBXGroup section */

/* Begin PBXNativeTarget section */
		CA9E8E1B288438E100A0154F /* iOS_Test_App */ = {
			isa = PBXNativeTarget;
			buildConfigurationList = CA9E8E30288438E300A0154F /* Build configuration list for PBXNativeTarget "iOS_Test_App" */;
			buildPhases = (
				CA9E8E18288438E100A0154F /* Sources */,
				CA9E8E19288438E100A0154F /* Frameworks */,
				CA9E8E1A288438E100A0154F /* Resources */,
			);
			buildRules = (
			);
			dependencies = (
			);
			name = iOS_Test_App;
			productName = iOS_Test_App;
			productReference = CA9E8E1C288438E100A0154F /* iOS_Test_App.app */;
			productType = "com.apple.product-type.application";
		};
/* End PBXNativeTarget section */

/* Begin PBXProject section */
		CA9E8E14288438E100A0154F /* Project object */ = {
			isa = PBXProject;
			attributes = {
				BuildIndependentTargetsInParallel = 1;
				LastSwiftUpdateCheck = 1340;
				LastUpgradeCheck = 1340;
				TargetAttributes = {
					CA9E8E1B288438E100A0154F = {
						CreatedOnToolsVersion = 13.4.1;
					};
				};
			};
			buildConfigurationList = CA9E8E17288438E100A0154F /* Build configuration list for PBXProject "iOS_Test_App" */;
			compatibilityVersion = "Xcode 13.0";
			developmentRegion = en;
			hasScannedForEncodings = 0;
			knownRegions = (
				en,
				Base,
			);
			mainGroup = CA9E8E13288438E100A0154F;
			productRefGroup = CA9E8E1D288438E100A0154F /* Products */;
			projectDirPath = "";
			projectRoot = "";
			targets = (
				CA9E8E1B288438E100A0154F /* iOS_Test_App */,
			);
		};
/* End PBXProject section */

/* Begin PBXResourcesBuildPhase section */
		CA9E8E1A288438E100A0154F /* Resources */ = {
			isa = PBXResourcesBuildPhase;
			buildActionMask = 2147483647;
			files = (
				CA9E8E2C288438E300A0154F /* LaunchScreen.storyboard in Resources */,
				CA1D044F28843C730061FAD6 /* PostTableViewCell.xib in Resources */,
				CA9E8E29288438E300A0154F /* Assets.xcassets in Resources */,
				CA9E8E27288438E100A0154F /* Main.storyboard in Resources */,
			);
			runOnlyForDeploymentPostprocessing = 0;
		};
/* End PBXResourcesBuildPhase section */

/* Begin PBXSourcesBuildPhase section */
		CA9E8E18288438E100A0154F /* Sources */ = {
			isa = PBXSourcesBuildPhase;
			buildActionMask = 2147483647;
			files = (
				CA1D044E28843C730061FAD6 /* PostTableViewCell.swift in Sources */,
				CA8D7577288441A2003D77CD /* Posts.swift in Sources */,
				CA75C4792885D076004E1FF9 /* DetailPosts.swift in Sources */,
				CA74C2E32885905400F3C7A4 /* UILabel.swift in Sources */,
				CA9E8E24288438E100A0154F /* PostViewController.swift in Sources */,
				CA64991A2885C51900FFD3D1 /* PostDetailViewController.swift in Sources */,
				CA33E436288862E40010C3B4 /* UIImageView.swift in Sources */,
				CA9E8E20288438E100A0154F /* AppDelegate.swift in Sources */,
				CA9E8E22288438E100A0154F /* SceneDelegate.swift in Sources */,
				CA1D044A28843C690061FAD6 /* Networking.swift in Sources */,
				CA6499172885B65F00FFD3D1 /* Int.swift in Sources */,
			);
			runOnlyForDeploymentPostprocessing = 0;
		};
/* End PBXSourcesBuildPhase section */

/* Begin PBXVariantGroup section */
		CA9E8E25288438E100A0154F /* Main.storyboard */ = {
			isa = PBXVariantGroup;
			children = (
				CA9E8E26288438E100A0154F /* Base */,
			);
			name = Main.storyboard;
			sourceTree = "<group>";
		};
		CA9E8E2A288438E300A0154F /* LaunchScreen.storyboard */ = {
			isa = PBXVariantGroup;
			children = (
				CA9E8E2B288438E300A0154F /* Base */,
			);
			name = LaunchScreen.storyboard;
			sourceTree = "<group>";
		};
/* End PBXVariantGroup section */

/* Begin XCBuildConfiguration section */
		CA9E8E2E288438E300A0154F /* Debug */ = {
			isa = XCBuildConfiguration;
			buildSettings = {
				ALWAYS_SEARCH_USER_PATHS = NO;
				CLANG_ANALYZER_NONNULL = YES;
				CLANG_ANALYZER_NUMBER_OBJECT_CONVERSION = YES_AGGRESSIVE;
				CLANG_CXX_LANGUAGE_STANDARD = "gnu++17";
				CLANG_ENABLE_MODULES = YES;
				CLANG_ENABLE_OBJC_ARC = YES;
				CLANG_ENABLE_OBJC_WEAK = YES;
				CLANG_WARN_BLOCK_CAPTURE_AUTORELEASING = YES;
				CLANG_WARN_BOOL_CONVERSION = YES;
				CLANG_WARN_COMMA = YES;
				CLANG_WARN_CONSTANT_CONVERSION = YES;
				CLANG_WARN_DEPRECATED_OBJC_IMPLEMENTATIONS = YES;
				CLANG_WARN_DIRECT_OBJC_ISA_USAGE = YES_ERROR;
				CLANG_WARN_DOCUMENTATION_COMMENTS = YES;
				CLANG_WARN_EMPTY_BODY = YES;
				CLANG_WARN_ENUM_CONVERSION = YES;
				CLANG_WARN_INFINITE_RECURSION = YES;
				CLANG_WARN_INT_CONVERSION = YES;
				CLANG_WARN_NON_LITERAL_NULL_CONVERSION = YES;
				CLANG_WARN_OBJC_IMPLICIT_RETAIN_SELF = YES;
				CLANG_WARN_OBJC_LITERAL_CONVERSION = YES;
				CLANG_WARN_OBJC_ROOT_CLASS = YES_ERROR;
				CLANG_WARN_QUOTED_INCLUDE_IN_FRAMEWORK_HEADER = YES;
				CLANG_WARN_RANGE_LOOP_ANALYSIS = YES;
				CLANG_WARN_STRICT_PROTOTYPES = YES;
				CLANG_WARN_SUSPICIOUS_MOVE = YES;
				CLANG_WARN_UNGUARDED_AVAILABILITY = YES_AGGRESSIVE;
				CLANG_WARN_UNREACHABLE_CODE = YES;
				CLANG_WARN__DUPLICATE_METHOD_MATCH = YES;
				COPY_PHASE_STRIP = NO;
				DEBUG_INFORMATION_FORMAT = dwarf;
				ENABLE_STRICT_OBJC_MSGSEND = YES;
				ENABLE_TESTABILITY = YES;
				GCC_C_LANGUAGE_STANDARD = gnu11;
				GCC_DYNAMIC_NO_PIC = NO;
				GCC_NO_COMMON_BLOCKS = YES;
				GCC_OPTIMIZATION_LEVEL = 0;
				GCC_PREPROCESSOR_DEFINITIONS = (
					"DEBUG=1",
					"$(inherited)",
				);
				GCC_WARN_64_TO_32_BIT_CONVERSION = YES;
				GCC_WARN_ABOUT_RETURN_TYPE = YES_ERROR;
				GCC_WARN_UNDECLARED_SELECTOR = YES;
				GCC_WARN_UNINITIALIZED_AUTOS = YES_AGGRESSIVE;
				GCC_WARN_UNUSED_FUNCTION = YES;
				GCC_WARN_UNUSED_VARIABLE = YES;
				IPHONEOS_DEPLOYMENT_TARGET = 15.5;
				MTL_ENABLE_DEBUG_INFO = INCLUDE_SOURCE;
				MTL_FAST_MATH = YES;
				ONLY_ACTIVE_ARCH = YES;
				SDKROOT = iphoneos;
				SWIFT_ACTIVE_COMPILATION_CONDITIONS = DEBUG;
				SWIFT_OPTIMIZATION_LEVEL = "-Onone";
			};
			name = Debug;
		};
		CA9E8E2F288438E300A0154F /* Release */ = {
			isa = XCBuildConfiguration;
			buildSettings = {
				ALWAYS_SEARCH_USER_PATHS = NO;
				CLANG_ANALYZER_NONNULL = YES;
				CLANG_ANALYZER_NUMBER_OBJECT_CONVERSION = YES_AGGRESSIVE;
				CLANG_CXX_LANGUAGE_STANDARD = "gnu++17";
				CLANG_ENABLE_MODULES = YES;
				CLANG_ENABLE_OBJC_ARC = YES;
				CLANG_ENABLE_OBJC_WEAK = YES;
				CLANG_WARN_BLOCK_CAPTURE_AUTORELEASING = YES;
				CLANG_WARN_BOOL_CONVERSION = YES;
				CLANG_WARN_COMMA = YES;
				CLANG_WARN_CONSTANT_CONVERSION = YES;
				CLANG_WARN_DEPRECATED_OBJC_IMPLEMENTATIONS = YES;
				CLANG_WARN_DIRECT_OBJC_ISA_USAGE = YES_ERROR;
				CLANG_WARN_DOCUMENTATION_COMMENTS = YES;
				CLANG_WARN_EMPTY_BODY = YES;
				CLANG_WARN_ENUM_CONVERSION = YES;
				CLANG_WARN_INFINITE_RECURSION = YES;
				CLANG_WARN_INT_CONVERSION = YES;
				CLANG_WARN_NON_LITERAL_NULL_CONVERSION = YES;
				CLANG_WARN_OBJC_IMPLICIT_RETAIN_SELF = YES;
				CLANG_WARN_OBJC_LITERAL_CONVERSION = YES;
				CLANG_WARN_OBJC_ROOT_CLASS = YES_ERROR;
				CLANG_WARN_QUOTED_INCLUDE_IN_FRAMEWORK_HEADER = YES;
				CLANG_WARN_RANGE_LOOP_ANALYSIS = YES;
				CLANG_WARN_STRICT_PROTOTYPES = YES;
				CLANG_WARN_SUSPICIOUS_MOVE = YES;
				CLANG_WARN_UNGUARDED_AVAILABILITY = YES_AGGRESSIVE;
				CLANG_WARN_UNREACHABLE_CODE = YES;
				CLANG_WARN__DUPLICATE_METHOD_MATCH = YES;
				COPY_PHASE_STRIP = NO;
				DEBUG_INFORMATION_FORMAT = "dwarf-with-dsym";
				ENABLE_NS_ASSERTIONS = NO;
				ENABLE_STRICT_OBJC_MSGSEND = YES;
				GCC_C_LANGUAGE_STANDARD = gnu11;
				GCC_NO_COMMON_BLOCKS = YES;
				GCC_WARN_64_TO_32_BIT_CONVERSION = YES;
				GCC_WARN_ABOUT_RETURN_TYPE = YES_ERROR;
				GCC_WARN_UNDECLARED_SELECTOR = YES;
				GCC_WARN_UNINITIALIZED_AUTOS = YES_AGGRESSIVE;
				GCC_WARN_UNUSED_FUNCTION = YES;
				GCC_WARN_UNUSED_VARIABLE = YES;
				IPHONEOS_DEPLOYMENT_TARGET = 15.5;
				MTL_ENABLE_DEBUG_INFO = NO;
				MTL_FAST_MATH = YES;
				SDKROOT = iphoneos;
				SWIFT_COMPILATION_MODE = wholemodule;
				SWIFT_OPTIMIZATION_LEVEL = "-O";
				VALIDATE_PRODUCT = YES;
			};
			name = Release;
		};
		CA9E8E31288438E300A0154F /* Debug */ = {
			isa = XCBuildConfiguration;
			buildSettings = {
				ASSETCATALOG_COMPILER_APPICON_NAME = AppIcon;
				ASSETCATALOG_COMPILER_GLOBAL_ACCENT_COLOR_NAME = AccentColor;
				CODE_SIGN_STYLE = Automatic;
				CURRENT_PROJECT_VERSION = 1;
				DEVELOPMENT_TEAM = TZALL639VQ;
				GENERATE_INFOPLIST_FILE = YES;
				INFOPLIST_FILE = iOS_Test_App/Info.plist;
				INFOPLIST_KEY_UIApplicationSupportsIndirectInputEvents = YES;
				INFOPLIST_KEY_UILaunchStoryboardName = LaunchScreen;
				INFOPLIST_KEY_UIMainStoryboardFile = Main;
				INFOPLIST_KEY_UISupportedInterfaceOrientations = UIInterfaceOrientationPortrait;
				INFOPLIST_KEY_UISupportedInterfaceOrientations_iPad = "UIInterfaceOrientationPortrait UIInterfaceOrientationPortraitUpsideDown UIInterfaceOrientationLandscapeLeft UIInterfaceOrientationLandscapeRight";
				INFOPLIST_KEY_UISupportedInterfaceOrientations_iPhone = "UIInterfaceOrientationPortrait UIInterfaceOrientationLandscapeLeft UIInterfaceOrientationLandscapeRight";
				LD_RUNPATH_SEARCH_PATHS = (
					"$(inherited)",
					"@executable_path/Frameworks",
				);
				MARKETING_VERSION = 1.0;
				PRODUCT_BUNDLE_IDENTIFIER = "muler.iOS-Test-App";
				PRODUCT_NAME = "$(TARGET_NAME)";
				SWIFT_EMIT_LOC_STRINGS = YES;
				SWIFT_VERSION = 5.0;
				TARGETED_DEVICE_FAMILY = 1;
			};
			name = Debug;
		};
		CA9E8E32288438E300A0154F /* Release */ = {
			isa = XCBuildConfiguration;
			buildSettings = {
				ASSETCATALOG_COMPILER_APPICON_NAME = AppIcon;
				ASSETCATALOG_COMPILER_GLOBAL_ACCENT_COLOR_NAME = AccentColor;
				CODE_SIGN_STYLE = Automatic;
				CURRENT_PROJECT_VERSION = 1;
				DEVELOPMENT_TEAM = TZALL639VQ;
				GENERATE_INFOPLIST_FILE = YES;
				INFOPLIST_FILE = iOS_Test_App/Info.plist;
				INFOPLIST_KEY_UIApplicationSupportsIndirectInputEvents = YES;
				INFOPLIST_KEY_UILaunchStoryboardName = LaunchScreen;
				INFOPLIST_KEY_UIMainStoryboardFile = Main;
				INFOPLIST_KEY_UISupportedInterfaceOrientations = UIInterfaceOrientationPortrait;
				INFOPLIST_KEY_UISupportedInterfaceOrientations_iPad = "UIInterfaceOrientationPortrait UIInterfaceOrientationPortraitUpsideDown UIInterfaceOrientationLandscapeLeft UIInterfaceOrientationLandscapeRight";
				INFOPLIST_KEY_UISupportedInterfaceOrientations_iPhone = "UIInterfaceOrientationPortrait UIInterfaceOrientationLandscapeLeft UIInterfaceOrientationLandscapeRight";
				LD_RUNPATH_SEARCH_PATHS = (
					"$(inherited)",
					"@executable_path/Frameworks",
				);
				MARKETING_VERSION = 1.0;
				PRODUCT_BUNDLE_IDENTIFIER = "muler.iOS-Test-App";
				PRODUCT_NAME = "$(TARGET_NAME)";
				SWIFT_EMIT_LOC_STRINGS = YES;
				SWIFT_VERSION = 5.0;
				TARGETED_DEVICE_FAMILY = 1;
			};
			name = Release;
		};
/* End XCBuildConfiguration section */

/* Begin XCConfigurationList section */
		CA9E8E17288438E100A0154F /* Build configuration list for PBXProject "iOS_Test_App" */ = {
			isa = XCConfigurationList;
			buildConfigurations = (
				CA9E8E2E288438E300A0154F /* Debug */,
				CA9E8E2F288438E300A0154F /* Release */,
			);
			defaultConfigurationIsVisible = 0;
			defaultConfigurationName = Release;
		};
		CA9E8E30288438E300A0154F /* Build configuration list for PBXNativeTarget "iOS_Test_App" */ = {
			isa = XCConfigurationList;
			buildConfigurations = (
				CA9E8E31288438E300A0154F /* Debug */,
				CA9E8E32288438E300A0154F /* Release */,
			);
			defaultConfigurationIsVisible = 0;
			defaultConfigurationName = Release;
		};
/* End XCConfigurationList section */
	};
	rootObject = CA9E8E14288438E100A0154F /* Project object */;
}
